
Microsoft Visual Studio Solution File, Format Version 12.00
Project("{FAE04EC0-301F-11D3-BF4B-00C04F79EFBC}") = "ScratchEVTCParser", "ScratchEVTCParser\ScratchEVTCParser.csproj", "{9DD47A76-3C69-4152-AA36-B656CAFFDECB}"
EndProject
Project("{FAE04EC0-301F-11D3-BF4B-00C04F79EFBC}") = "ScratchLogBrowser", "ScratchLogBrowser\ScratchLogBrowser.csproj", "{CB188F27-D853-4167-9693-AE4C8890BE70}"
EndProject
Project("{FAE04EC0-301F-11D3-BF4B-00C04F79EFBC}") = "ScratchLogHTMLGenerator", "ScratchLogHTMLGenerator\ScratchLogHTMLGenerator.csproj", "{2A679D21-D206-4F4A-8546-8F0E86547A0D}"
EndProject
Project("{FAE04EC0-301F-11D3-BF4B-00C04F79EFBC}") = "ScratchLogMaker", "ScratchLogMaker\ScratchLogMaker.csproj", "{B4EBA714-D8AE-42DD-9CD0-10F673D5AFA1}"
EndProject
Project("{FAE04EC0-301F-11D3-BF4B-00C04F79EFBC}") = "ScratchEVTCParser.Tests", "ScratchEVTCParser.Tests\ScratchEVTCParser.Tests.csproj", "{642FA29B-CF62-495E-A88F-D08A9F3C5FEC}"
EndProject
Global
	GlobalSection(SolutionConfigurationPlatforms) = preSolution
		Debug|Any CPU = Debug|Any CPU
		Release|Any CPU = Release|Any CPU
	EndGlobalSection
	GlobalSection(ProjectConfigurationPlatforms) = postSolution
		{9DD47A76-3C69-4152-AA36-B656CAFFDECB}.Debug|Any CPU.ActiveCfg = Debug|Any CPU
		{9DD47A76-3C69-4152-AA36-B656CAFFDECB}.Debug|Any CPU.Build.0 = Debug|Any CPU
		{9DD47A76-3C69-4152-AA36-B656CAFFDECB}.Release|Any CPU.ActiveCfg = Release|Any CPU
		{9DD47A76-3C69-4152-AA36-B656CAFFDECB}.Release|Any CPU.Build.0 = Release|Any CPU
		{CB188F27-D853-4167-9693-AE4C8890BE70}.Debug|Any CPU.ActiveCfg = Debug|Any CPU
		{CB188F27-D853-4167-9693-AE4C8890BE70}.Debug|Any CPU.Build.0 = Debug|Any CPU
		{CB188F27-D853-4167-9693-AE4C8890BE70}.Release|Any CPU.ActiveCfg = Release|Any CPU
		{CB188F27-D853-4167-9693-AE4C8890BE70}.Release|Any CPU.Build.0 = Release|Any CPU
		{2A679D21-D206-4F4A-8546-8F0E86547A0D}.Debug|Any CPU.ActiveCfg = Debug|Any CPU
		{2A679D21-D206-4F4A-8546-8F0E86547A0D}.Debug|Any CPU.Build.0 = Debug|Any CPU
		{2A679D21-D206-4F4A-8546-8F0E86547A0D}.Release|Any CPU.ActiveCfg = Release|Any CPU
		{2A679D21-D206-4F4A-8546-8F0E86547A0D}.Release|Any CPU.Build.0 = Release|Any CPU
		{B4EBA714-D8AE-42DD-9CD0-10F673D5AFA1}.Debug|Any CPU.ActiveCfg = Debug|Any CPU
		{B4EBA714-D8AE-42DD-9CD0-10F673D5AFA1}.Debug|Any CPU.Build.0 = Debug|Any CPU
		{B4EBA714-D8AE-42DD-9CD0-10F673D5AFA1}.Release|Any CPU.ActiveCfg = Release|Any CPU
		{B4EBA714-D8AE-42DD-9CD0-10F673D5AFA1}.Release|Any CPU.Build.0 = Release|Any CPU
		{642FA29B-CF62-495E-A88F-D08A9F3C5FEC}.Debug|Any CPU.ActiveCfg = Debug|Any CPU
		{642FA29B-CF62-495E-A88F-D08A9F3C5FEC}.Debug|Any CPU.Build.0 = Debug|Any CPU
		{642FA29B-CF62-495E-A88F-D08A9F3C5FEC}.Release|Any CPU.ActiveCfg = Release|Any CPU
		{642FA29B-CF62-495E-A88F-D08A9F3C5FEC}.Release|Any CPU.Build.0 = Release|Any CPU
	EndGlobalSection
EndGlobal
