
Microsoft Visual Studio Solution File, Format Version 12.00
Project("{FAE04EC0-301F-11D3-BF4B-00C04F79EFBC}") = "EVTCAnalytics", "EVTCAnalytics\EVTCAnalytics.csproj", "{9DD47A76-3C69-4152-AA36-B656CAFFDECB}"
EndProject
Project("{FAE04EC0-301F-11D3-BF4B-00C04F79EFBC}") = "EVTCInspector", "EVTCInspector\EVTCInspector.csproj", "{CB188F27-D853-4167-9693-AE4C8890BE70}"
EndProject
Project("{FAE04EC0-301F-11D3-BF4B-00C04F79EFBC}") = "EVTCAnalytics.Tests", "EVTCAnalytics.Tests\EVTCAnalytics.Tests.csproj", "{642FA29B-CF62-495E-A88F-D08A9F3C5FEC}"
EndProject
Project("{FAE04EC0-301F-11D3-BF4B-00C04F79EFBC}") = "ArcdpsLogManager", "ArcdpsLogManager\ArcdpsLogManager.csproj", "{909DE828-0610-473B-BE74-CE683C621CDC}"
EndProject
Project("{FAE04EC0-301F-11D3-BF4B-00C04F79EFBC}") = "EVTCAnalytics.Benchmark", "EVTCAnalytics.Benchmark\EVTCAnalytics.Benchmark.csproj", "{13CFD4FA-3CF3-4169-A692-9874AC2DEE08}"
EndProject
Project("{FAE04EC0-301F-11D3-BF4B-00C04F79EFBC}") = "RotationComparison", "RotationComparison\RotationComparison.csproj", "{E20EFF93-9A56-4B0C-9272-E7B0B2331372}"
EndProject
Project("{FAE04EC0-301F-11D3-BF4B-00C04F79EFBC}") = "EVTCAnalytics.LogTests", "EVTCAnalytics.LogTests\EVTCAnalytics.LogTests.csproj", "{327293C9-155C-4415-812E-F81E3420D243}"
EndProject
Project("{FAE04EC0-301F-11D3-BF4B-00C04F79EFBC}") = "LogEditor", "LogEditor\LogEditor.csproj", "{1487967D-C775-4EFA-91CA-E7CB719A591E}"
EndProject
Project("{FAE04EC0-301F-11D3-BF4B-00C04F79EFBC}") = "EVTCInspector.Gtk", "EVTCInspector.Gtk\EVTCInspector.Gtk.csproj", "{FC491939-7A96-4ED7-B57D-0DE5DFED51A8}"
EndProject
Project("{FAE04EC0-301F-11D3-BF4B-00C04F79EFBC}") = "EVTCInspector.Wpf", "EVTCInspector.Wpf\EVTCInspector.Wpf.csproj", "{B25C11F1-863A-49EA-95BF-76EA3F3F6CBD}"
EndProject
Project("{FAE04EC0-301F-11D3-BF4B-00C04F79EFBC}") = "ArcdpsLogManager.Gtk", "ArcdpsLogManager.Gtk\ArcdpsLogManager.Gtk.csproj", "{94309958-E918-4539-A4B5-2BBF1623B48E}"
EndProject
Project("{FAE04EC0-301F-11D3-BF4B-00C04F79EFBC}") = "ArcdpsLogManager.Wpf", "ArcdpsLogManager.Wpf\ArcdpsLogManager.Wpf.csproj", "{2D168A37-D780-416A-A875-267B4C7E2A01}"
EndProject
Project("{2150E333-8FDC-42A3-9474-1A3956D46DE8}") = "LogManager", "LogManager", "{033EF1E9-2B3B-4EC9-87BA-040F181BB73B}"
EndProject
Project("{2150E333-8FDC-42A3-9474-1A3956D46DE8}") = "Tests", "Tests", "{06941249-FB6C-4E81-A14B-F54E2A9700FA}"
EndProject
Project("{2150E333-8FDC-42A3-9474-1A3956D46DE8}") = "Inspector", "Inspector", "{B2DEB5B6-56A1-4186-9A71-A47B64137B86}"
EndProject
Project("{2150E333-8FDC-42A3-9474-1A3956D46DE8}") = "Tools", "Tools", "{E0A60DBE-3885-49E8-8B25-57A2F12C1465}"
EndProject
Project("{2150E333-8FDC-42A3-9474-1A3956D46DE8}") = "Performance", "Performance", "{EA4A1EE8-2110-4AFA-8CA6-36589EA924D3}"
EndProject
Global
	GlobalSection(SolutionConfigurationPlatforms) = preSolution
		Debug|Any CPU = Debug|Any CPU
		Release|Any CPU = Release|Any CPU
	EndGlobalSection
	GlobalSection(ProjectConfigurationPlatforms) = postSolution
		{9DD47A76-3C69-4152-AA36-B656CAFFDECB}.Debug|Any CPU.ActiveCfg = Debug|Any CPU
		{9DD47A76-3C69-4152-AA36-B656CAFFDECB}.Debug|Any CPU.Build.0 = Debug|Any CPU
		{9DD47A76-3C69-4152-AA36-B656CAFFDECB}.Release|Any CPU.ActiveCfg = Release|Any CPU
		{9DD47A76-3C69-4152-AA36-B656CAFFDECB}.Release|Any CPU.Build.0 = Release|Any CPU
		{CB188F27-D853-4167-9693-AE4C8890BE70}.Debug|Any CPU.ActiveCfg = Debug|Any CPU
		{CB188F27-D853-4167-9693-AE4C8890BE70}.Debug|Any CPU.Build.0 = Debug|Any CPU
		{CB188F27-D853-4167-9693-AE4C8890BE70}.Release|Any CPU.ActiveCfg = Release|Any CPU
		{CB188F27-D853-4167-9693-AE4C8890BE70}.Release|Any CPU.Build.0 = Release|Any CPU
		{642FA29B-CF62-495E-A88F-D08A9F3C5FEC}.Debug|Any CPU.ActiveCfg = Debug|Any CPU
		{642FA29B-CF62-495E-A88F-D08A9F3C5FEC}.Debug|Any CPU.Build.0 = Debug|Any CPU
		{642FA29B-CF62-495E-A88F-D08A9F3C5FEC}.Release|Any CPU.ActiveCfg = Release|Any CPU
		{642FA29B-CF62-495E-A88F-D08A9F3C5FEC}.Release|Any CPU.Build.0 = Release|Any CPU
		{909DE828-0610-473B-BE74-CE683C621CDC}.Debug|Any CPU.ActiveCfg = Debug|Any CPU
		{909DE828-0610-473B-BE74-CE683C621CDC}.Debug|Any CPU.Build.0 = Debug|Any CPU
		{909DE828-0610-473B-BE74-CE683C621CDC}.Release|Any CPU.ActiveCfg = Release|Any CPU
		{909DE828-0610-473B-BE74-CE683C621CDC}.Release|Any CPU.Build.0 = Release|Any CPU
		{13CFD4FA-3CF3-4169-A692-9874AC2DEE08}.Debug|Any CPU.ActiveCfg = Debug|Any CPU
		{13CFD4FA-3CF3-4169-A692-9874AC2DEE08}.Debug|Any CPU.Build.0 = Debug|Any CPU
		{13CFD4FA-3CF3-4169-A692-9874AC2DEE08}.Release|Any CPU.ActiveCfg = Release|Any CPU
		{13CFD4FA-3CF3-4169-A692-9874AC2DEE08}.Release|Any CPU.Build.0 = Release|Any CPU
		{E20EFF93-9A56-4B0C-9272-E7B0B2331372}.Debug|Any CPU.ActiveCfg = Debug|Any CPU
		{E20EFF93-9A56-4B0C-9272-E7B0B2331372}.Debug|Any CPU.Build.0 = Debug|Any CPU
		{E20EFF93-9A56-4B0C-9272-E7B0B2331372}.Release|Any CPU.ActiveCfg = Release|Any CPU
		{E20EFF93-9A56-4B0C-9272-E7B0B2331372}.Release|Any CPU.Build.0 = Release|Any CPU
		{327293C9-155C-4415-812E-F81E3420D243}.Debug|Any CPU.ActiveCfg = Debug|Any CPU
		{327293C9-155C-4415-812E-F81E3420D243}.Debug|Any CPU.Build.0 = Debug|Any CPU
		{327293C9-155C-4415-812E-F81E3420D243}.Release|Any CPU.ActiveCfg = Release|Any CPU
		{327293C9-155C-4415-812E-F81E3420D243}.Release|Any CPU.Build.0 = Release|Any CPU
		{1487967D-C775-4EFA-91CA-E7CB719A591E}.Debug|Any CPU.ActiveCfg = Debug|Any CPU
		{1487967D-C775-4EFA-91CA-E7CB719A591E}.Debug|Any CPU.Build.0 = Debug|Any CPU
		{1487967D-C775-4EFA-91CA-E7CB719A591E}.Release|Any CPU.ActiveCfg = Release|Any CPU
		{1487967D-C775-4EFA-91CA-E7CB719A591E}.Release|Any CPU.Build.0 = Release|Any CPU
		{FC491939-7A96-4ED7-B57D-0DE5DFED51A8}.Debug|Any CPU.ActiveCfg = Debug|Any CPU
		{FC491939-7A96-4ED7-B57D-0DE5DFED51A8}.Debug|Any CPU.Build.0 = Debug|Any CPU
		{FC491939-7A96-4ED7-B57D-0DE5DFED51A8}.Release|Any CPU.ActiveCfg = Release|Any CPU
		{FC491939-7A96-4ED7-B57D-0DE5DFED51A8}.Release|Any CPU.Build.0 = Release|Any CPU
		{B25C11F1-863A-49EA-95BF-76EA3F3F6CBD}.Debug|Any CPU.ActiveCfg = Debug|Any CPU
		{B25C11F1-863A-49EA-95BF-76EA3F3F6CBD}.Debug|Any CPU.Build.0 = Debug|Any CPU
		{94309958-E918-4539-A4B5-2BBF1623B48E}.Debug|Any CPU.ActiveCfg = Debug|Any CPU
		{94309958-E918-4539-A4B5-2BBF1623B48E}.Debug|Any CPU.Build.0 = Debug|Any CPU
		{94309958-E918-4539-A4B5-2BBF1623B48E}.Release|Any CPU.ActiveCfg = Release|Any CPU
		{94309958-E918-4539-A4B5-2BBF1623B48E}.Release|Any CPU.Build.0 = Release|Any CPU
		{2D168A37-D780-416A-A875-267B4C7E2A01}.Debug|Any CPU.ActiveCfg = Debug|Any CPU
		{2D168A37-D780-416A-A875-267B4C7E2A01}.Debug|Any CPU.Build.0 = Debug|Any CPU
	EndGlobalSection
	GlobalSection(NestedProjects) = preSolution
		{909DE828-0610-473B-BE74-CE683C621CDC} = {033EF1E9-2B3B-4EC9-87BA-040F181BB73B}
		{94309958-E918-4539-A4B5-2BBF1623B48E} = {033EF1E9-2B3B-4EC9-87BA-040F181BB73B}
		{2D168A37-D780-416A-A875-267B4C7E2A01} = {033EF1E9-2B3B-4EC9-87BA-040F181BB73B}
		{327293C9-155C-4415-812E-F81E3420D243} = {06941249-FB6C-4E81-A14B-F54E2A9700FA}
		{642FA29B-CF62-495E-A88F-D08A9F3C5FEC} = {06941249-FB6C-4E81-A14B-F54E2A9700FA}
		{CB188F27-D853-4167-9693-AE4C8890BE70} = {B2DEB5B6-56A1-4186-9A71-A47B64137B86}
		{FC491939-7A96-4ED7-B57D-0DE5DFED51A8} = {B2DEB5B6-56A1-4186-9A71-A47B64137B86}
		{B25C11F1-863A-49EA-95BF-76EA3F3F6CBD} = {B2DEB5B6-56A1-4186-9A71-A47B64137B86}
		{033EF1E9-2B3B-4EC9-87BA-040F181BB73B} = {E0A60DBE-3885-49E8-8B25-57A2F12C1465}
		{B2DEB5B6-56A1-4186-9A71-A47B64137B86} = {E0A60DBE-3885-49E8-8B25-57A2F12C1465}
		{1487967D-C775-4EFA-91CA-E7CB719A591E} = {E0A60DBE-3885-49E8-8B25-57A2F12C1465}
		{E20EFF93-9A56-4B0C-9272-E7B0B2331372} = {E0A60DBE-3885-49E8-8B25-57A2F12C1465}
		{13CFD4FA-3CF3-4169-A692-9874AC2DEE08} = {EA4A1EE8-2110-4AFA-8CA6-36589EA924D3}
	EndGlobalSection
EndGlobal
